
Microsoft Visual Studio Solution File, Format Version 12.00
# Visual Studio Version 17
VisualStudioVersion = 17.14.36414.22 d17.14
MinimumVisualStudioVersion = 10.0.40219.1
Project("{FAE04EC0-301F-11D3-BF4B-00C04F79EFBC}") = "EcommerceAPI", "EcommerceAPI\EcommerceAPI.csproj", "{F554A1C9-4F94-4EC2-AE8D-7F55E83B3AAE}"
EndProject
Global
	GlobalSection(SolutionConfigurationPlatforms) = preSolution
		Debug|Any CPU = Debug|Any CPU
		Release|Any CPU = Release|Any CPU
	EndGlobalSection
	GlobalSection(ProjectConfigurationPlatforms) = postSolution
		{F554A1C9-4F94-4EC2-AE8D-7F55E83B3AAE}.Debug|Any CPU.ActiveCfg = Debug|Any CPU
		{F554A1C9-4F94-4EC2-AE8D-7F55E83B3AAE}.Debug|Any CPU.Build.0 = Debug|Any CPU
		{F554A1C9-4F94-4EC2-AE8D-7F55E83B3AAE}.Release|Any CPU.ActiveCfg = Release|Any CPU
		{F554A1C9-4F94-4EC2-AE8D-7F55E83B3AAE}.Release|Any CPU.Build.0 = Release|Any CPU
	EndGlobalSection
	GlobalSection(SolutionProperties) = preSolution
		HideSolutionNode = FALSE
	EndGlobalSection
	GlobalSection(ExtensibilityGlobals) = postSolution
		SolutionGuid = {6C078246-D27E-4243-A26B-68E750A4C717}
	EndGlobalSection
EndGlobal
