
Microsoft Visual Studio Solution File, Format Version 12.00
# Visual Studio Version 17
VisualStudioVersion = 17.14.36414.22 d17.14
MinimumVisualStudioVersion = 10.0.40219.1
Project("{FAE04EC0-301F-11D3-BF4B-00C04F79EFBC}") = "FirstCoreWebApplication", "FirstCoreWebApplication\FirstCoreWebApplication.csproj", "{633806AD-7AE6-4910-AA71-E11E38F8967A}"
EndProject
Global
	GlobalSection(SolutionConfigurationPlatforms) = preSolution
		Debug|Any CPU = Debug|Any CPU
		Release|Any CPU = Release|Any CPU
	EndGlobalSection
	GlobalSection(ProjectConfigurationPlatforms) = postSolution
		{633806AD-7AE6-4910-AA71-E11E38F8967A}.Debug|Any CPU.ActiveCfg = Debug|Any CPU
		{633806AD-7AE6-4910-AA71-E11E38F8967A}.Debug|Any CPU.Build.0 = Debug|Any CPU
		{633806AD-7AE6-4910-AA71-E11E38F8967A}.Release|Any CPU.ActiveCfg = Release|Any CPU
		{633806AD-7AE6-4910-AA71-E11E38F8967A}.Release|Any CPU.Build.0 = Release|Any CPU
	EndGlobalSection
	GlobalSection(SolutionProperties) = preSolution
		HideSolutionNode = FALSE
	EndGlobalSection
	GlobalSection(ExtensibilityGlobals) = postSolution
		SolutionGuid = {14451332-7849-4160-B980-5C9A22A0ED90}
	EndGlobalSection
EndGlobal
