
Microsoft Visual Studio Solution File, Format Version 12.00
# Visual Studio Version 17
VisualStudioVersion = 17.14.36414.22 d17.14
MinimumVisualStudioVersion = 10.0.40219.1
Project("{FAE04EC0-301F-11D3-BF4B-00C04F79EFBC}") = "FirstCoreMVCWebApplication", "FirstCoreMVCWebApplication\FirstCoreMVCWebApplication.csproj", "{3562E6A2-EBD0-42F0-808D-BA26541BDDE2}"
EndProject
Global
	GlobalSection(SolutionConfigurationPlatforms) = preSolution
		Debug|Any CPU = Debug|Any CPU
		Release|Any CPU = Release|Any CPU
	EndGlobalSection
	GlobalSection(ProjectConfigurationPlatforms) = postSolution
		{3562E6A2-EBD0-42F0-808D-BA26541BDDE2}.Debug|Any CPU.ActiveCfg = Debug|Any CPU
		{3562E6A2-EBD0-42F0-808D-BA26541BDDE2}.Debug|Any CPU.Build.0 = Debug|Any CPU
		{3562E6A2-EBD0-42F0-808D-BA26541BDDE2}.Release|Any CPU.ActiveCfg = Release|Any CPU
		{3562E6A2-EBD0-42F0-808D-BA26541BDDE2}.Release|Any CPU.Build.0 = Release|Any CPU
	EndGlobalSection
	GlobalSection(SolutionProperties) = preSolution
		HideSolutionNode = FALSE
	EndGlobalSection
	GlobalSection(ExtensibilityGlobals) = postSolution
		SolutionGuid = {401ADEDF-296B-4FE4-9CF4-71F047E60A5D}
	EndGlobalSection
EndGlobal
